<Solution>
  <Project Path="DistributedLock.Client/DistributedLock.Client.csproj" />
  <Project Path="DistributedLock.Protocol/DistributedLock.Protocol.csproj" />
  <Project Path="DistributedLock.Provider/DistributedLock.Provider.csproj" />
  <Project Path="Test.DistributedLock.Protocol/Test.DistributedLock.Protocol.csproj" />
</Solution>
